# THIS IS AN AUTOGENERATED FILE. DO NOT EDIT THIS FILE DIRECTLY.
# yarn lockfile v1


"@hotwired/stimulus@^3.0.0":
  version "3.0.0"
  resolved "https://registry.yarnpkg.com/@hotwired/stimulus/-/stimulus-3.0.0.tgz#45171e61417af60f0e546665c52fae5b67295cee"
  integrity sha512-UFIuuf7GjKJoIYromuTmqfzT8gZ8eu5zIB5m2QoEsopymGeN7rfDSTRPyRfwHIqP0x+0vWo4O1LFozw+/sWXxg==

"@hotwired/turbo-rails@^7.0.1":
  version "7.0.1"
  resolved "https://registry.yarnpkg.com/@hotwired/turbo-rails/-/turbo-rails-7.0.1.tgz#d39816eef215e83468fa306a963e7c874ffe70f7"
  integrity sha512-0cV7zG9aCzF/foidgfx6WvqKDcRKXJt2aT1fenNFywO7armGTD8S86V8U1IyUAHq+ZkIL26moc+AB40uTZt0oA==
  dependencies:
    "@hotwired/turbo" "^7.0.1"
    "@rails/actioncable" "^6.0.0"

"@hotwired/turbo@^7.0.1":
  version "7.0.1"
  resolved "https://registry.yarnpkg.com/@hotwired/turbo/-/turbo-7.0.1.tgz#2a8c6ab2f24914d1d47f3a7a7779e2881e8c61a0"
  integrity sha512-awqraytYXbHV2NT0WAOnDDDGJeHHnFtnztdXvRuIqgsStUtPKM8B9H7ISm77SwbHemEjxEOB8Ku4RfNbEEXsPQ==

"@popperjs/core@^2.10.2":
  version "2.10.2"
  resolved "https://registry.yarnpkg.com/@popperjs/core/-/core-2.10.2.tgz#0798c03351f0dea1a5a4cabddf26a55a7cbee590"
  integrity sha512-IXf3XA7+XyN7CP9gGh/XB0UxVMlvARGEgGXLubFICsUMGz6Q+DU+i4gGlpOxTjKvXjkJDJC8YdqdKkDj9qZHEQ==

"@rails/actioncable@^6.0.0":
  version "6.1.4"
  resolved "https://registry.yarnpkg.com/@rails/actioncable/-/actioncable-6.1.4.tgz#c3c5a9f8302c429af9722b6c50ab48049016d2a3"
  integrity sha512-0LmSKJTuo2dL6BQ+9xxLnS9lbkyfz2mBGeBnQ2J7o9Bn0l0q+ZC6VuoZMZZXPvABI4QT7Nfknv5WhfKYL+boew==

anymatch@~3.1.2:
  version "3.1.2"
  resolved "https://registry.yarnpkg.com/anymatch/-/anymatch-3.1.2.tgz#c0557c096af32f106198f4f4e2a383537e378716"
  integrity sha512-P43ePfOAIupkguHUycrc4qJ9kz8ZiuOUijaETwX7THt0Y/GNK7v0aa8rY816xWjZ7rJdA5XdMcpVFTKMq+RvWg==
  dependencies:
    normalize-path "^3.0.0"
    picomatch "^2.0.4"

binary-extensions@^2.0.0:
  version "2.2.0"
  resolved "https://registry.yarnpkg.com/binary-extensions/-/binary-extensions-2.2.0.tgz#75f502eeaf9ffde42fc98829645be4ea76bd9e2d"
  integrity sha512-jDctJ/IVQbZoJykoeHbhXpOlNBqGNcwXJKJog42E5HDPUwQTSdjCHdihjj0DlnheQ7blbT6dHOafNAiS8ooQKA==

bootstrap@^5.1.1:
  version "5.1.1"
  resolved "https://registry.yarnpkg.com/bootstrap/-/bootstrap-5.1.1.tgz#9d6eed81e08feaccedf3adaca51fe4b73a2871df"
  integrity sha512-/jUa4sSuDZWlDLQ1gwQQR8uoYSvLJzDd8m5o6bPKh3asLAMYVZKdRCjb1joUd5WXf0WwCNzd2EjwQQhupou0dA==

braces@~3.0.2:
  version "3.0.2"
  resolved "https://registry.yarnpkg.com/braces/-/braces-3.0.2.tgz#3454e1a462ee8d599e236df336cd9ea4f8afe107"
  integrity sha512-b8um+L1RzM3WDSzvhm6gIz1yfTbBt6YTlcEKAvsmqCZZFw46z626lVj9j1yEPW33H5H+lBQpZMP1k8l+78Ha0A==
  dependencies:
    fill-range "^7.0.1"

"chokidar@>=3.0.0 <4.0.0":
  version "3.5.2"
  resolved "https://registry.yarnpkg.com/chokidar/-/chokidar-3.5.2.tgz#dba3976fcadb016f66fd365021d91600d01c1e75"
  integrity sha512-ekGhOnNVPgT77r4K/U3GDhu+FQ2S8TnK/s2KbIGXi0SZWuwkZ2QNyfWdZW+TVfn84DpEP7rLeCt2UI6bJ8GwbQ==
  dependencies:
    anymatch "~3.1.2"
    braces "~3.0.2"
    glob-parent "~5.1.2"
    is-binary-path "~2.1.0"
    is-glob "~4.0.1"
    normalize-path "~3.0.0"
    readdirp "~3.6.0"
  optionalDependencies:
    fsevents "~2.3.2"

esbuild-android-arm64@0.13.3:
  version "0.13.3"
  resolved "https://registry.yarnpkg.com/esbuild-android-arm64/-/esbuild-android-arm64-0.13.3.tgz#ef734c76eeff42e8c53acdffe901da090164a890"
  integrity sha512-jc9E8vGTHkzb0Vwl74H8liANV9BWsqtzLHaKvcsRgf1M+aVCBSF0gUheduAKfDsbDMT0judeMLhwBP34EUesTA==

esbuild-darwin-64@0.13.3:
  version "0.13.3"
  resolved "https://registry.yarnpkg.com/esbuild-darwin-64/-/esbuild-darwin-64-0.13.3.tgz#35f29376b7451add79f0640980683ef923365385"
  integrity sha512-8bG3Zq+ZNuLlIJebOO2+weI7P2LVf33sOzaUfHj8MuJ+1Ixe4KtQxfYp7qhFnP6xP2ToJaYHxGUfLeiUCEz9hw==

esbuild-darwin-arm64@0.13.3:
  version "0.13.3"
  resolved "https://registry.yarnpkg.com/esbuild-darwin-arm64/-/esbuild-darwin-arm64-0.13.3.tgz#530a1326e7d18d62c9a54b6dce70f2b77ed50eec"
  integrity sha512-5E81eImYtTgh8pY7Gq4WQHhWkR/LvYadUXmuYeZBiP+3ADZJZcG60UFceZrjqNPaFOWKr/xmh4aNocwagEubcA==

esbuild-freebsd-64@0.13.3:
  version "0.13.3"
  resolved "https://registry.yarnpkg.com/esbuild-freebsd-64/-/esbuild-freebsd-64-0.13.3.tgz#ce2896ac362e06eb82ca5dec06b2568901eb5afc"
  integrity sha512-ou+f91KkTGexi8HvF/BdtsITL6plbciQfZGys7QX6/QEwyE96PmL5KnU6ZQwoU7E99Ts6Sc9bUDq8HXJubKtBA==

esbuild-freebsd-arm64@0.13.3:
  version "0.13.3"
  resolved "https://registry.yarnpkg.com/esbuild-freebsd-arm64/-/esbuild-freebsd-arm64-0.13.3.tgz#a20454f99e060bea4e465d131556a9f0533f403f"
  integrity sha512-F1zV7nySjHswJuvIgjkiG5liZ63MeazDGXGKViTCeegjZ71sAhOChcaGhKcu6vq9+vqZxlfEi1fmXlx6Pc3coQ==

esbuild-linux-32@0.13.3:
  version "0.13.3"
  resolved "https://registry.yarnpkg.com/esbuild-linux-32/-/esbuild-linux-32-0.13.3.tgz#ad56f18208ecf007cd9ab16cd39626ca0312b8ee"
  integrity sha512-mHHc2v6uLrHH4zaaq5RB/5IWzgimEJ1HGldzf1qtGI513KZWfH0HRRQ8p1di4notJgBn7tDzWQ1f34ZHy69viQ==

esbuild-linux-64@0.13.3:
  version "0.13.3"
  resolved "https://registry.yarnpkg.com/esbuild-linux-64/-/esbuild-linux-64-0.13.3.tgz#be1eabadf68d153897ed887678f7496d3949810f"
  integrity sha512-FJ1De2O89mrOuqtaEXu41qIYJU6R41F+OA6vheNwcAQcX8fu0aiA13FJeLABq29BYJuTVgRj3cyC8q+tz19/dQ==

esbuild-linux-arm64@0.13.3:
  version "0.13.3"
  resolved "https://registry.yarnpkg.com/esbuild-linux-arm64/-/esbuild-linux-arm64-0.13.3.tgz#329348bb4a19cfb5e9046cc5d97ba5017d8f74ad"
  integrity sha512-Cauhr45KSo+wRUojs+1qfycQqQCAXTOvsWvkZ6xmEMAXLAm+f8RQGDQeP8CAf8Yeelnegcn6UNdvzdzLHhWDFg==

esbuild-linux-arm@0.13.3:
  version "0.13.3"
  resolved "https://registry.yarnpkg.com/esbuild-linux-arm/-/esbuild-linux-arm-0.13.3.tgz#b3b3167c9d5d3038894fbc75b194a4fbe93eaf09"
  integrity sha512-9BJNRtLwBh3OP22cln9g3AJdbAQUcjRHqA4BScx9k4RZpGqPokFr548zpeplxWhcwrIjT8qPebwH9CrRVy8Bsw==

esbuild-linux-mips64le@0.13.3:
  version "0.13.3"
  resolved "https://registry.yarnpkg.com/esbuild-linux-mips64le/-/esbuild-linux-mips64le-0.13.3.tgz#ea1687f28ea2c85399ecc2fe23a48ab343b7b35d"
  integrity sha512-YVzJUGCncuuLm2boYyVeuMFsak4ZAhdiBwi0xNDZCC8sy+tS6Boe2mzcrD2uubv5JKAUOrpN186S1DtU4WgBgw==

esbuild-linux-ppc64le@0.13.3:
  version "0.13.3"
  resolved "https://registry.yarnpkg.com/esbuild-linux-ppc64le/-/esbuild-linux-ppc64le-0.13.3.tgz#a462cf42eae3d7fc29a9f277679f5adee70afa67"
  integrity sha512-GU6CqqKtJEoyxC2QWHiJtmuOz9wc/jMv8ZloK2WwiGY5yMvAmM3PI103Dj7xcjebNTHBqITTUw/aigY1wx5A3w==

esbuild-openbsd-64@0.13.3:
  version "0.13.3"
  resolved "https://registry.yarnpkg.com/esbuild-openbsd-64/-/esbuild-openbsd-64-0.13.3.tgz#0cb15bd86d20eb19cb548b530f1a533197532cf9"
  integrity sha512-HVpkgpn4BQt4BPDAjTOpeMub6mzNWw6Y3gaLQJrpbO24pws6ZwYkY24OI3/Uo3LDCbH6856MM81JxECt92OWjA==

esbuild-sunos-64@0.13.3:
  version "0.13.3"
  resolved "https://registry.yarnpkg.com/esbuild-sunos-64/-/esbuild-sunos-64-0.13.3.tgz#53a941241f881010969cc8f1acb1ada49c4cd3c2"
  integrity sha512-XncBVOtnEfUbPV4CaiFBxh38ychnBfwCxuTm9iAqcHzIwkmeNRN5qMzDyfE1jyfJje+Bbt6AvIfz6SdYt8/UEQ==

esbuild-windows-32@0.13.3:
  version "0.13.3"
  resolved "https://registry.yarnpkg.com/esbuild-windows-32/-/esbuild-windows-32-0.13.3.tgz#265dc0d0cdb5374685a851c584857055e12865a4"
  integrity sha512-ZlgDz7d1nk8wQACi+z8IDzNZVUlN9iprAme+1YSTsfFDlkyI8jeaGWPk9EQFNY7rJzsLVYm6eZ2mhPioc7uT5A==

esbuild-windows-64@0.13.3:
  version "0.13.3"
  resolved "https://registry.yarnpkg.com/esbuild-windows-64/-/esbuild-windows-64-0.13.3.tgz#ae710c0629ec8c39c5ef1f69e86ed5592bb4128f"
  integrity sha512-YX7KvRez3TR+GudlQm9tND/ssj2FsF9vb8ZWzAoZOLxpPzE3y+3SFJNrfDzzQKPzJ0Pnh9KBP4gsaMwJjKHDhw==

esbuild-windows-arm64@0.13.3:
  version "0.13.3"
  resolved "https://registry.yarnpkg.com/esbuild-windows-arm64/-/esbuild-windows-arm64-0.13.3.tgz#a236199a26b1205573dcb571f966189326a4c953"
  integrity sha512-nP7H0Y2a6OJd3Qi1Q8sehhyP4x4JoXK4S5y6FzH2vgaJgiyEurzFxjUufGdMaw+RxtxiwD/uRndUgwaZ2JD8lg==

esbuild@^0.13.3:
  version "0.13.3"
  resolved "https://registry.yarnpkg.com/esbuild/-/esbuild-0.13.3.tgz#cc9fc347fc81ff6440cdd1fdb9fe65c02eddcc97"
  integrity sha512-98xovMLKnyhv3gcReUuAEi5Ig1rK6SIgvsJuBIcfwzqGSEHsV8UJjMlmkhHoHMf9XZybMpE9Zax8AA8f7i2hlQ==
  optionalDependencies:
    esbuild-android-arm64 "0.13.3"
    esbuild-darwin-64 "0.13.3"
    esbuild-darwin-arm64 "0.13.3"
    esbuild-freebsd-64 "0.13.3"
    esbuild-freebsd-arm64 "0.13.3"
    esbuild-linux-32 "0.13.3"
    esbuild-linux-64 "0.13.3"
    esbuild-linux-arm "0.13.3"
    esbuild-linux-arm64 "0.13.3"
    esbuild-linux-mips64le "0.13.3"
    esbuild-linux-ppc64le "0.13.3"
    esbuild-openbsd-64 "0.13.3"
    esbuild-sunos-64 "0.13.3"
    esbuild-windows-32 "0.13.3"
    esbuild-windows-64 "0.13.3"
    esbuild-windows-arm64 "0.13.3"

fill-range@^7.0.1:
  version "7.0.1"
  resolved "https://registry.yarnpkg.com/fill-range/-/fill-range-7.0.1.tgz#1919a6a7c75fe38b2c7c77e5198535da9acdda40"
  integrity sha512-qOo9F+dMUmC2Lcb4BbVvnKJxTPjCm+RRpe4gDuGrzkL7mEVl/djYSu2OdQ2Pa302N4oqkSg9ir6jaLWJ2USVpQ==
  dependencies:
    to-regex-range "^5.0.1"

fsevents@~2.3.2:
  version "2.3.2"
  resolved "https://registry.yarnpkg.com/fsevents/-/fsevents-2.3.2.tgz#8a526f78b8fdf4623b709e0b975c52c24c02fd1a"
  integrity sha512-xiqMQR4xAeHTuB9uWm+fFRcIOgKBMiOBP+eXiyT7jsgVCq1bkVygt00oASowB7EdtpOHaaPgKt812P9ab+DDKA==

glob-parent@~5.1.2:
  version "5.1.2"
  resolved "https://registry.yarnpkg.com/glob-parent/-/glob-parent-5.1.2.tgz#869832c58034fe68a4093c17dc15e8340d8401c4"
  integrity sha512-AOIgSQCepiJYwP3ARnGx+5VnTu2HBYdzbGP45eLw1vr3zB3vZLeyed1sC9hnbcOc9/SrMyM5RPQrkGz4aS9Zow==
  dependencies:
    is-glob "^4.0.1"

is-binary-path@~2.1.0:
  version "2.1.0"
  resolved "https://registry.yarnpkg.com/is-binary-path/-/is-binary-path-2.1.0.tgz#ea1f7f3b80f064236e83470f86c09c254fb45b09"
  integrity sha512-ZMERYes6pDydyuGidse7OsHxtbI7WVeUEozgR/g7rd0xUimYNlvZRE/K2MgZTjWy725IfelLeVcEM97mmtRGXw==
  dependencies:
    binary-extensions "^2.0.0"

is-extglob@^2.1.1:
  version "2.1.1"
  resolved "https://registry.yarnpkg.com/is-extglob/-/is-extglob-2.1.1.tgz#a88c02535791f02ed37c76a1b9ea9773c833f8c2"
  integrity sha1-qIwCU1eR8C7TfHahueqXc8gz+MI=

is-glob@^4.0.1, is-glob@~4.0.1:
  version "4.0.3"
  resolved "https://registry.yarnpkg.com/is-glob/-/is-glob-4.0.3.tgz#64f61e42cbbb2eec2071a9dac0b28ba1e65d5084"
  integrity sha512-xelSayHH36ZgE7ZWhli7pW34hNbNl8Ojv5KVmkJD4hBdD3th8Tfk9vYasLM+mXWOZhFkgZfxhLSnrwRr4elSSg==
  dependencies:
    is-extglob "^2.1.1"

is-number@^7.0.0:
  version "7.0.0"
  resolved "https://registry.yarnpkg.com/is-number/-/is-number-7.0.0.tgz#7535345b896734d5f80c4d06c50955527a14f12b"
  integrity sha512-41Cifkg6e8TylSpdtTpeLVMqvSBEVzTttHvERD741+pnZ8ANv0004MRL43QKPDlK9cGvNp6NZWZUBlbGXYxxng==

normalize-path@^3.0.0, normalize-path@~3.0.0:
  version "3.0.0"
  resolved "https://registry.yarnpkg.com/normalize-path/-/normalize-path-3.0.0.tgz#0dcd69ff23a1c9b11fd0978316644a0388216a65"
  integrity sha512-6eZs5Ls3WtCisHWp9S2GUy8dqkpGi4BVSz3GaqiE6ezub0512ESztXUwUB6C6IKbQkY2Pnb/mD4WYojCRwcwLA==

picomatch@^2.0.4, picomatch@^2.2.1:
  version "2.3.0"
  resolved "https://registry.yarnpkg.com/picomatch/-/picomatch-2.3.0.tgz#f1f061de8f6a4bf022892e2d128234fb98302972"
  integrity sha512-lY1Q/PiJGC2zOv/z391WOTD+Z02bCgsFfvxoXXf6h7kv9o+WmsmzYqrAwY63sNgOxE4xEdq0WyUnXfKeBrSvYw==

readdirp@~3.6.0:
  version "3.6.0"
  resolved "https://registry.yarnpkg.com/readdirp/-/readdirp-3.6.0.tgz#74a370bd857116e245b29cc97340cd431a02a6c7"
  integrity sha512-hOS089on8RduqdbhvQ5Z37A0ESjsqz6qnRcffsMU3495FuTdqSm+7bhJ29JvIOsBDEEnan5DPu9t3To9VRlMzA==
  dependencies:
    picomatch "^2.2.1"

sass@^1.42.1:
  version "1.42.1"
  resolved "https://registry.yarnpkg.com/sass/-/sass-1.42.1.tgz#5ab17bebc1cb1881ad2e0c9a932c66ad64e441e2"
  integrity sha512-/zvGoN8B7dspKc5mC6HlaygyCBRvnyzzgD5khiaCfglWztY99cYoiTUksVx11NlnemrcfH5CEaCpsUKoW0cQqg==
  dependencies:
    chokidar ">=3.0.0 <4.0.0"

to-regex-range@^5.0.1:
  version "5.0.1"
  resolved "https://registry.yarnpkg.com/to-regex-range/-/to-regex-range-5.0.1.tgz#1648c44aae7c8d988a326018ed72f5b4dd0392e4"
  integrity sha512-65P7iz6X5yEr1cwcgvQxbbIw7Uk3gOy5dIdtZ4rDveLqhrdJP+Li/Hx6tyK0NEb+2GCyneCMJiGqrADCSNk8sQ==
  dependencies:
    is-number "^7.0.0"
